{
  "nodes": {
    "agenix": {
      "inputs": {
        "darwin": [
          "darwin"
        ],
        "home-manager": [
          "home-manager"
        ],
        "nixpkgs": [
          "nixpkgs"
        ],
        "systems": [
          "flake-utils",
          "systems"
        ]
      },
      "locked": {
        "lastModified": 1716561646,
        "narHash": "sha256-UIGtLO89RxKt7RF2iEgPikSdU53r6v/6WYB0RW3k89I=",
        "owner": "ryantm",
        "repo": "agenix",
        "rev": "c2fc0762bbe8feb06a2e59a364fa81b3a57671c9",
        "type": "github"
      },
      "original": {
        "owner": "ryantm",
        "repo": "agenix",
        "type": "github"
      }
    },
    "caarlos0-nur": {
      "inputs": {
        "nixpkgs": [
          "nixpkgs"
        ]
      },
      "locked": {
        "lastModified": 1716223542,
        "narHash": "sha256-xX0Rw5bfFvzxjohYbuxWu+bLL6yi3uT5SILgjF4i2G8=",
        "owner": "caarlos0",
        "repo": "nur",
        "rev": "80e949d363d7e6fedff689977ab05decfcd056ac",
        "type": "github"
      },
      "original": {
        "owner": "caarlos0",
        "repo": "nur",
        "type": "github"
      }
    },
    "darwin": {
      "inputs": {
        "nixpkgs": [
          "nixpkgs"
        ]
      },
      "locked": {
        "lastModified": 1716511055,
        "narHash": "sha256-5Fe/DGgvMhPEMl9VdVxv3zvwRcwNDmW5eRJ0gk72w7U=",
        "owner": "lnl7",
        "repo": "nix-darwin",
        "rev": "0bea8222f6e83247dd13b055d83e64bce02ee532",
        "type": "github"
      },
      "original": {
        "owner": "lnl7",
        "repo": "nix-darwin",
        "type": "github"
      }
    },
    "fenix": {
      "inputs": {
        "nixpkgs": [
          "nekowinston-nur",
          "nixpkgs"
        ],
        "rust-analyzer-src": [
          "nekowinston-nur"
        ]
      },
      "locked": {
        "lastModified": 1716099865,
        "narHash": "sha256-GrNswS37mF+Jj/GNb2uNapd11sR9IWf7j9WexybunPs=",
        "owner": "nix-community",
        "repo": "fenix",
        "rev": "f7737feef42fa8abe70de20b9a13b845a113cfeb",
        "type": "github"
      },
      "original": {
        "owner": "nix-community",
        "repo": "fenix",
        "type": "github"
      }
    },
    "flake-compat": {
      "flake": false,
      "locked": {
        "lastModified": 1696426674,
        "narHash": "sha256-kvjfFW7WAETZlt09AgDn1MrtKzP7t90Vf7vypd3OL1U=",
        "owner": "edolstra",
        "repo": "flake-compat",
        "rev": "0f9255e01c2351cc7d116c072cb317785dd33b33",
        "type": "github"
      },
      "original": {
        "owner": "edolstra",
        "repo": "flake-compat",
        "type": "github"
      }
    },
    "flake-compat_2": {
      "flake": false,
      "locked": {
        "lastModified": 1696426674,
        "narHash": "sha256-kvjfFW7WAETZlt09AgDn1MrtKzP7t90Vf7vypd3OL1U=",
        "owner": "edolstra",
        "repo": "flake-compat",
        "rev": "0f9255e01c2351cc7d116c072cb317785dd33b33",
        "type": "github"
      },
      "original": {
        "owner": "edolstra",
        "repo": "flake-compat",
        "type": "github"
      }
    },
    "flake-parts": {
      "inputs": {
        "nixpkgs-lib": [
          "nixpkgs"
        ]
      },
      "locked": {
        "lastModified": 1715865404,
        "narHash": "sha256-/GJvTdTpuDjNn84j82cU6bXztE0MSkdnTWClUCRub78=",
        "owner": "hercules-ci",
        "repo": "flake-parts",
        "rev": "8dc45382d5206bd292f9c2768b8058a8fd8311d9",
        "type": "github"
      },
      "original": {
        "owner": "hercules-ci",
        "repo": "flake-parts",
        "type": "github"
      }
    },
    "flake-parts_2": {
      "inputs": {
        "nixpkgs-lib": [
          "neovim-nightly-overlay",
          "nixpkgs"
        ]
      },
      "locked": {
        "lastModified": 1715865404,
        "narHash": "sha256-/GJvTdTpuDjNn84j82cU6bXztE0MSkdnTWClUCRub78=",
        "owner": "hercules-ci",
        "repo": "flake-parts",
        "rev": "8dc45382d5206bd292f9c2768b8058a8fd8311d9",
        "type": "github"
      },
      "original": {
        "owner": "hercules-ci",
        "repo": "flake-parts",
        "type": "github"
      }
    },
    "flake-parts_3": {
      "inputs": {
        "nixpkgs-lib": [
          "neovim-nightly-overlay",
          "hercules-ci-effects",
          "nixpkgs"
        ]
      },
      "locked": {
        "lastModified": 1712014858,
        "narHash": "sha256-sB4SWl2lX95bExY2gMFG5HIzvva5AVMJd4Igm+GpZNw=",
        "owner": "hercules-ci",
        "repo": "flake-parts",
        "rev": "9126214d0a59633752a136528f5f3b9aa8565b7d",
        "type": "github"
      },
      "original": {
        "id": "flake-parts",
        "type": "indirect"
      }
    },
    "flake-utils": {
      "inputs": {
        "systems": "systems"
      },
      "locked": {
        "lastModified": 1710146030,
        "narHash": "sha256-SZ5L6eA7HJ/nmkzGG7/ISclqe6oZdOZTNoesiInkXPQ=",
        "owner": "numtide",
        "repo": "flake-utils",
        "rev": "b1d9ab70662946ef0850d488da1c9019f3a9752a",
        "type": "github"
      },
      "original": {
        "owner": "numtide",
        "repo": "flake-utils",
        "type": "github"
      }
    },
    "ghostty": {
      "locked": {
        "lastModified": 1702368251,
        "narHash": "sha256-hafrDmzGplzm+vdIo+LkOjRfA4qRcy5JmpGGksnht5c=",
        "owner": "clo4",
        "repo": "ghostty-hm-module",
        "rev": "887e13a6e7acf5ffaab0119d96e476d84db90904",
        "type": "github"
      },
      "original": {
        "owner": "clo4",
        "repo": "ghostty-hm-module",
        "type": "github"
      }
    },
    "gitignore": {
      "inputs": {
        "nixpkgs": [
          "neovim-nightly-overlay",
          "pre-commit-hooks",
          "nixpkgs"
        ]
      },
      "locked": {
        "lastModified": 1709087332,
        "narHash": "sha256-HG2cCnktfHsKV0s4XW83gU3F57gaTljL9KNSuG6bnQs=",
        "owner": "hercules-ci",
        "repo": "gitignore.nix",
        "rev": "637db329424fd7e46cf4185293b9cc8c88c95394",
        "type": "github"
      },
      "original": {
        "owner": "hercules-ci",
        "repo": "gitignore.nix",
        "type": "github"
      }
    },
    "gitignore_2": {
      "inputs": {
        "nixpkgs": [
          "pre-commit-hooks",
          "nixpkgs"
        ]
      },
      "locked": {
        "lastModified": 1709087332,
        "narHash": "sha256-HG2cCnktfHsKV0s4XW83gU3F57gaTljL9KNSuG6bnQs=",
        "owner": "hercules-ci",
        "repo": "gitignore.nix",
        "rev": "637db329424fd7e46cf4185293b9cc8c88c95394",
        "type": "github"
      },
      "original": {
        "owner": "hercules-ci",
        "repo": "gitignore.nix",
        "type": "github"
      }
    },
    "hercules-ci-effects": {
      "inputs": {
        "flake-parts": "flake-parts_3",
        "nixpkgs": [
          "neovim-nightly-overlay",
          "nixpkgs"
        ]
      },
      "locked": {
        "lastModified": 1713898448,
        "narHash": "sha256-6q6ojsp/Z9P2goqnxyfCSzFOD92T3Uobmj8oVAicUOs=",
        "owner": "hercules-ci",
        "repo": "hercules-ci-effects",
        "rev": "c0302ec12d569532a6b6bd218f698bc402e93adc",
        "type": "github"
      },
      "original": {
        "owner": "hercules-ci",
        "repo": "hercules-ci-effects",
        "type": "github"
      }
    },
    "home-manager": {
      "inputs": {
        "nixpkgs": [
          "nixpkgs"
        ]
      },
      "locked": {
        "lastModified": 1716679503,
        "narHash": "sha256-aX8AEWHLwuiYX8OCpTnHGrQeei1Gb+AGbk1hq+RIClg=",
        "owner": "nix-community",
        "repo": "home-manager",
        "rev": "e4611630c3cc8ed618b48d92f6291f65be9f7913",
        "type": "github"
      },
      "original": {
        "owner": "nix-community",
        "repo": "home-manager",
        "type": "github"
      }
    },
    "nekowinston-nur": {
      "inputs": {
        "fenix": "fenix",
        "nixpkgs": "nixpkgs"
      },
      "locked": {
        "lastModified": 1716534212,
        "narHash": "sha256-piUpTrsxHroadEX7I5DOBD/ia00XIXj6e/GQ4i6KAzs=",
        "owner": "nekowinston",
        "repo": "nur",
        "rev": "253d0a0fdfee7e5330a9d8f6021cbd70dfdcb106",
        "type": "github"
      },
      "original": {
        "owner": "nekowinston",
        "repo": "nur",
        "type": "github"
      }
    },
    "neovim-nightly-overlay": {
      "inputs": {
        "flake-compat": "flake-compat",
        "flake-parts": "flake-parts_2",
        "hercules-ci-effects": "hercules-ci-effects",
        "neovim-src": "neovim-src",
        "nixpkgs": "nixpkgs_2",
        "pre-commit-hooks": "pre-commit-hooks"
      },
      "locked": {
        "lastModified": 1716672993,
        "narHash": "sha256-KISj1WGeeEb6d2rYFRGYHYiDvNJN1JtRKU2+jE32LMQ=",
        "owner": "nix-community",
        "repo": "neovim-nightly-overlay",
        "rev": "0f91f34a626baade98dfa091cc7a023266644d91",
        "type": "github"
      },
      "original": {
        "owner": "nix-community",
        "repo": "neovim-nightly-overlay",
        "type": "github"
      }
    },
    "neovim-src": {
      "flake": false,
      "locked": {
        "lastModified": 1716642936,
        "narHash": "sha256-l53vGzYIy6tI1rYBlbxW502sDgpmZ4i/uTdWWtPKPtM=",
        "owner": "neovim",
        "repo": "neovim",
        "rev": "52389e724366ebb2fb58f08c657f580900dd09ee",
        "type": "github"
      },
      "original": {
        "owner": "neovim",
        "repo": "neovim",
        "type": "github"
      }
    },
    "nix-index-database": {
      "inputs": {
        "nixpkgs": [
          "nixpkgs"
        ]
      },
      "locked": {
        "lastModified": 1716170277,
        "narHash": "sha256-fCAiox/TuzWGVaAz16PxrR4Jtf9lN5dwWL2W74DS0yI=",
        "owner": "nix-community",
        "repo": "nix-index-database",
        "rev": "e0638db3db43b582512a7de8c0f8363a162842b9",
        "type": "github"
      },
      "original": {
        "owner": "nix-community",
        "repo": "nix-index-database",
        "type": "github"
      }
    },
    "nix-vscode-extensions": {
      "inputs": {
        "flake-compat": [],
        "flake-utils": [
          "flake-utils"
        ],
        "nixpkgs": [
          "nixpkgs"
        ]
      },
      "locked": {
        "lastModified": 1716600075,
        "narHash": "sha256-WeUfE0jslseCeGUcQPHQLL2aFArGst1RdA0WKfoOHJ4=",
        "owner": "nix-community",
        "repo": "nix-vscode-extensions",
        "rev": "b2de3e372569c4af5bacc49e5920392e1808f98a",
        "type": "github"
      },
      "original": {
        "owner": "nix-community",
        "repo": "nix-vscode-extensions",
        "type": "github"
      }
    },
    "nixpkgs": {
      "locked": {
        "lastModified": 1715961556,
        "narHash": "sha256-+NpbZRCRisUHKQJZF3CT+xn14ZZQO+KjxIIanH3Pvn4=",
        "owner": "NixOS",
        "repo": "nixpkgs",
        "rev": "4a6b83b05df1a8bd7d99095ec4b4d271f2956b64",
        "type": "github"
      },
      "original": {
        "owner": "NixOS",
        "ref": "nixos-unstable",
        "repo": "nixpkgs",
        "type": "github"
      }
    },
    "nixpkgs_2": {
      "locked": {
        "lastModified": 1716588411,
        "narHash": "sha256-CdAZ3o459+1mAgILcdJfMBQAwUXupVe2cVTknvxs5kQ=",
        "owner": "NixOS",
        "repo": "nixpkgs",
        "rev": "1a9df4f74273f90d04e621e8516777efcec2802a",
        "type": "github"
      },
      "original": {
        "owner": "NixOS",
        "ref": "nixpkgs-unstable",
        "repo": "nixpkgs",
        "type": "github"
      }
    },
    "nixpkgs_3": {
      "locked": {
        "lastModified": 1716509168,
        "narHash": "sha256-4zSIhSRRIoEBwjbPm3YiGtbd8HDWzFxJjw5DYSDy1n8=",
        "owner": "nixos",
        "repo": "nixpkgs",
        "rev": "bfb7a882678e518398ce9a31a881538679f6f092",
        "type": "github"
      },
      "original": {
        "owner": "nixos",
        "ref": "nixos-unstable",
        "repo": "nixpkgs",
        "type": "github"
      }
    },
    "nixpkgs_4": {
      "locked": {
        "lastModified": 1713128889,
        "narHash": "sha256-aB90ZqzosyRDpBh+rILIcyP5lao8SKz8Sr2PSWvZrzk=",
        "owner": "nixos",
        "repo": "nixpkgs",
        "rev": "2748d22b45a99fb2deafa5f11c7531c212b2cefa",
        "type": "github"
      },
      "original": {
        "owner": "nixos",
        "ref": "nixpkgs-unstable",
        "repo": "nixpkgs",
        "type": "github"
      }
    },
    "nur": {
      "locked": {
        "lastModified": 1716682147,
        "narHash": "sha256-SuKHm4gY4fQZvCPqt6WdCHrShvUPlQrblYG6TGhKOrs=",
        "owner": "nix-community",
        "repo": "nur",
        "rev": "5a9cefff93fe9a7e8d864d48ea0fba144afef2a6",
        "type": "github"
      },
      "original": {
        "owner": "nix-community",
        "repo": "nur",
        "type": "github"
      }
    },
    "pre-commit-hooks": {
      "inputs": {
        "flake-compat": "flake-compat_2",
        "gitignore": "gitignore",
        "nixpkgs": [
          "neovim-nightly-overlay",
          "nixpkgs"
        ],
        "nixpkgs-stable": [
          "neovim-nightly-overlay",
          "nixpkgs"
        ]
      },
      "locked": {
        "lastModified": 1716213921,
        "narHash": "sha256-xrsYFST8ij4QWaV6HEokCUNIZLjjLP1bYC60K8XiBVA=",
        "owner": "cachix",
        "repo": "pre-commit-hooks.nix",
        "rev": "0e8fcc54b842ad8428c9e705cb5994eaf05c26a0",
        "type": "github"
      },
      "original": {
        "owner": "cachix",
        "repo": "pre-commit-hooks.nix",
        "type": "github"
      }
    },
    "pre-commit-hooks_2": {
      "inputs": {
        "flake-compat": [],
        "gitignore": "gitignore_2",
        "nixpkgs": [
          "nixpkgs"
        ],
        "nixpkgs-stable": [
          "nixpkgs"
        ]
      },
      "locked": {
        "lastModified": 1716213921,
        "narHash": "sha256-xrsYFST8ij4QWaV6HEokCUNIZLjjLP1bYC60K8XiBVA=",
        "owner": "cachix",
        "repo": "pre-commit-hooks.nix",
        "rev": "0e8fcc54b842ad8428c9e705cb5994eaf05c26a0",
        "type": "github"
      },
      "original": {
        "owner": "cachix",
        "repo": "pre-commit-hooks.nix",
        "type": "github"
      }
    },
    "root": {
      "inputs": {
        "agenix": "agenix",
        "caarlos0-nur": "caarlos0-nur",
        "darwin": "darwin",
        "flake-parts": "flake-parts",
        "flake-utils": "flake-utils",
        "ghostty": "ghostty",
        "home-manager": "home-manager",
        "nekowinston-nur": "nekowinston-nur",
        "neovim-nightly-overlay": "neovim-nightly-overlay",
        "nix-index-database": "nix-index-database",
        "nix-vscode-extensions": "nix-vscode-extensions",
        "nixpkgs": "nixpkgs_3",
        "nur": "nur",
        "pre-commit-hooks": "pre-commit-hooks_2",
        "swayfx": "swayfx",
        "vscode-server": "vscode-server",
        "wsl": "wsl"
      }
    },
    "scenefx": {
      "inputs": {
        "nixpkgs": "nixpkgs_4"
      },
      "locked": {
        "lastModified": 1715160751,
        "narHash": "sha256-S8m7phTU7QYgAq4B0hjH5WdtTjHDcNVhYfPFdhbty+A=",
        "owner": "wlrfx",
        "repo": "scenefx",
        "rev": "2ec3505248e819191c37cb831197629f373326fb",
        "type": "github"
      },
      "original": {
        "owner": "wlrfx",
        "repo": "scenefx",
        "type": "github"
      }
    },
    "swayfx": {
      "inputs": {
        "nixpkgs": [
          "nixpkgs"
        ],
        "scenefx": "scenefx"
      },
      "locked": {
        "lastModified": 1715273144,
        "narHash": "sha256-x8z/sjtJPojvaXiOUDvADiSU/QmSo8cqKQ1X4g+5dw4=",
        "owner": "willpower3309",
        "repo": "swayfx",
        "rev": "3c621dec7d653231f960d377fcb3ceeed55953e2",
        "type": "github"
      },
      "original": {
        "owner": "willpower3309",
        "repo": "swayfx",
        "type": "github"
      }
    },
    "systems": {
      "locked": {
        "lastModified": 1681028828,
        "narHash": "sha256-Vy1rq5AaRuLzOxct8nz4T6wlgyUR7zLU309k9mBC768=",
        "owner": "nix-systems",
        "repo": "default",
        "rev": "da67096a3b9bf56a91d16901293e51ba5b49a27e",
        "type": "github"
      },
      "original": {
        "owner": "nix-systems",
        "repo": "default",
        "type": "github"
      }
    },
    "vscode-server": {
      "inputs": {
        "flake-utils": [
          "flake-utils"
        ],
        "nixpkgs": [
          "nixpkgs"
        ]
      },
      "locked": {
        "lastModified": 1713958148,
        "narHash": "sha256-8PDNi/dgoI2kyM7uSiU4eoLBqUKoA+3TXuz+VWmuCOc=",
        "owner": "nix-community",
        "repo": "nixos-vscode-server",
        "rev": "fc900c16efc6a5ed972fb6be87df018bcf3035bc",
        "type": "github"
      },
      "original": {
        "owner": "nix-community",
        "repo": "nixos-vscode-server",
        "type": "github"
      }
    },
    "wsl": {
      "inputs": {
        "flake-compat": [],
        "flake-utils": [
          "flake-utils"
        ],
        "nixpkgs": [
          "nixpkgs"
        ]
      },
      "locked": {
        "lastModified": 1716640344,
        "narHash": "sha256-AZKQs+KrL70le0RZH8XqZJMc2SahU4LpfEJ2Vd5SWzM=",
        "owner": "nix-community",
        "repo": "nixos-wsl",
        "rev": "020cd466170204e448b24b246045599fce69ad91",
        "type": "github"
      },
      "original": {
        "owner": "nix-community",
        "repo": "nixos-wsl",
        "type": "github"
      }
    }
  },
  "root": "root",
  "version": 7
}
